dependencies:
  idf:
    source:
      type: idf
    version: 5.5.5
  joltwallet/littlefs:
    component_hash: 01faa388c6305fe77fd6962cda6171e753033458f24f8fae9e9d932e3d817a4c
    dependencies:
    - name: idf
      require: private
      version: '>=5.0'
    source:
      registry_url: https://components.espressif.com/
      type: service
    version: 1.22.1
direct_dependencies:
- idf
- joltwallet/littlefs
manifest_hash: dd3119be40b11ea8a734c0edd2b0a9c4a6919d4cf5cab3c7b457d3b849165bf9
target: esp32s3
version: 2.0.0
